
Microsoft Visual Studio Solution File, Format Version 12.00
# Visual Studio Version 16
VisualStudioVersion = 16.0.32002.261
MinimumVisualStudioVersion = 10.0.40219.1
Project("{9A19103F-16F7-4668-BE54-9A1E7A4F7556}") = "RBAC API", "RBAC API.csproj", "{98304CEF-1E58-426C-8E97-70D1C2FFDE6C}"
EndProject
Project("{FAE04EC0-301F-11D3-BF4B-00C04F79EFBC}") = "RBAC.Claims", "..\RBAC.Claims\RBAC.Claims.csproj", "{B4873DA4-73F0-40BC-948D-99E03D553230}"
EndProject
Global
	GlobalSection(SolutionConfigurationPlatforms) = preSolution
		Debug|Any CPU = Debug|Any CPU
		Release|Any CPU = Release|Any CPU
	EndGlobalSection
	GlobalSection(ProjectConfigurationPlatforms) = postSolution
		{98304CEF-1E58-426C-8E97-70D1C2FFDE6C}.Debug|Any CPU.ActiveCfg = Debug|Any CPU
		{98304CEF-1E58-426C-8E97-70D1C2FFDE6C}.Debug|Any CPU.Build.0 = Debug|Any CPU
		{98304CEF-1E58-426C-8E97-70D1C2FFDE6C}.Release|Any CPU.ActiveCfg = Release|Any CPU
		{98304CEF-1E58-426C-8E97-70D1C2FFDE6C}.Release|Any CPU.Build.0 = Release|Any CPU
		{B4873DA4-73F0-40BC-948D-99E03D553230}.Debug|Any CPU.ActiveCfg = Debug|Any CPU
		{B4873DA4-73F0-40BC-948D-99E03D553230}.Debug|Any CPU.Build.0 = Debug|Any CPU
		{B4873DA4-73F0-40BC-948D-99E03D553230}.Release|Any CPU.ActiveCfg = Release|Any CPU
		{B4873DA4-73F0-40BC-948D-99E03D553230}.Release|Any CPU.Build.0 = Release|Any CPU
	EndGlobalSection
	GlobalSection(SolutionProperties) = preSolution
		HideSolutionNode = FALSE
	EndGlobalSection
	GlobalSection(ExtensibilityGlobals) = postSolution
		SolutionGuid = {9086DF81-A4A3-4E92-B1C8-C433E5A4794E}
	EndGlobalSection
EndGlobal
